<?xml version="1.0" encoding="utf-8"?>
<Project ToolsVersion="4.0" xmlns="http://schemas.microsoft.com/developer/msbuild/2003">
  <ItemGroup>
    <Filter Include="Fichiers sources">
      <UniqueIdentifier>{4FC737F1-C7A5-4376-A066-2A32D752A2FF}</UniqueIdentifier>
      <Extensions>cpp;c;cc;cxx;def;odl;idl;hpj;bat;asm;asmx</Extensions>
    </Filter>
    <Filter Include="Fichiers d%27en-tête">
      <UniqueIdentifier>{93995380-89BD-4b04-88EB-625FBE52EBFB}</UniqueIdentifier>
      <Extensions>h;hh;hpp;hxx;hm;inl;inc;xsd</Extensions>
    </Filter>
    <Filter Include="Fichiers de ressources">
      <UniqueIdentifier>{67DA6AB6-F800-4c08-8B7A-83BB121AAD01}</UniqueIdentifier>
      <Extensions>rc;ico;cur;bmp;dlg;rc2;rct;bin;rgs;gif;jpg;jpeg;jpe;resx;tiff;tif;png;wav;mfcribbon-ms</Extensions>
    </Filter>
    <Filter Include="Fichiers d%27en-tête\Core">
      <UniqueIdentifier>{c695ea7d-8de9-4d50-af0f-d6f67e7c2c6b}</UniqueIdentifier>
    </Filter>
    <Filter Include="Fichiers d%27en-tête\Core\Animation">
      <UniqueIdentifier>{7779a225-5735-47af-8493-71de9c50a08f}</UniqueIdentifier>
    </Filter>
    <Filter Include="Fichiers d%27en-tête\Core\Render">
      <UniqueIdentifier>{4e73b10b-69b9-4d33-a356-af5c1fc2ea13}</UniqueIdentifier>
    </Filter>
    <Filter Include="Fichiers sources\Core">
      <UniqueIdentifier>{c4fc526f-8a73-4d41-a89a-cba58d777bb6}</UniqueIdentifier>
    </Filter>
    <Filter Include="Fichiers sources\Core\Animation">
      <UniqueIdentifier>{2c539dbd-4b0c-45f6-a37f-b539fccdb484}</UniqueIdentifier>
    </Filter>
    <Filter Include="Fichiers sources\Core\Render">
      <UniqueIdentifier>{12a72c95-60ed-43a2-89c2-2fdbef232269}</UniqueIdentifier>
    </Filter>
    <Filter Include="Fichiers sources\Core\System">
      <UniqueIdentifier>{f4b23348-51af-45e2-a8e4-bcc149f66b77}</UniqueIdentifier>
    </Filter>
    <Filter Include="Fichiers d%27en-tête\Editor">
      <UniqueIdentifier>{e68f198c-695b-4e50-9062-546b6df250a3}</UniqueIdentifier>
    </Filter>
    <Filter Include="Fichiers sources\Editor">
      <UniqueIdentifier>{784dda33-0301-46f0-828d-5c35395a4cc8}</UniqueIdentifier>
    </Filter>
    <Filter Include="Fichiers d%27en-tête\Core\System">
      <UniqueIdentifier>{01422439-f1ce-4c49-9e88-b5c2725d839b}</UniqueIdentifier>
    </Filter>
    <Filter Include="Fichiers d%27en-tête\Core\System\GearVR">
      <UniqueIdentifier>{070bcbbb-e4ad-41b1-baaf-6beb22d3efd7}</UniqueIdentifier>
    </Filter>
    <Filter Include="Fichiers sources\Core\System\GearVR">
      <UniqueIdentifier>{d7cf2717-384d-4108-9f35-b156304b9d18}</UniqueIdentifier>
    </Filter>
    <Filter Include="Fichiers d%27en-tête\Core\Types">
      <UniqueIdentifier>{3da5b2af-bb32-4141-92ae-4be3d2237441}</UniqueIdentifier>
    </Filter>
    <Filter Include="Fichiers sources\Core\Types">
      <UniqueIdentifier>{a845c56b-2e5f-49cf-8588-74d911d72d3d}</UniqueIdentifier>
    </Filter>
    <Filter Include="Fichiers sources\Core\LogSystem">
      <UniqueIdentifier>{68c5c7cf-5a60-47f5-ae19-f74c223dccf2}</UniqueIdentifier>
    </Filter>
    <Filter Include="Fichiers d%27en-tête\Core\LogSystem">
      <UniqueIdentifier>{8fa3d67e-39d7-4a6b-b4f0-878385bf1253}</UniqueIdentifier>
    </Filter>
  </ItemGroup>
  <ItemGroup>
    <ClInclude Include="..\..\..\Core\Inc\Application.h">
      <Filter>Fichiers d%27en-tête\Core</Filter>
    </ClInclude>
    <ClInclude Include="..\..\..\Core\Inc\BaseTypes.h">
      <Filter>Fichiers d%27en-tête\Core</Filter>
    </ClInclude>
    <ClInclude Include="..\..\..\Core\Inc\BehaviorComponent.h">
      <Filter>Fichiers d%27en-tête\Core</Filter>
    </ClInclude>
    <ClInclude Include="..\..\..\Core\Inc\BehaviorManager.h">
      <Filter>Fichiers d%27en-tête\Core</Filter>
    </ClInclude>
    <ClInclude Include="..\..\..\Core\Inc\DataStream.h">
      <Filter>Fichiers d%27en-tête\Core</Filter>
    </ClInclude>
    <ClInclude Include="..\..\..\Core\Inc\Event.h">
      <Filter>Fichiers d%27en-tête\Core</Filter>
    </ClInclude>
    <ClInclude Include="..\..\..\Core\Inc\FileSystem.h">
      <Filter>Fichiers d%27en-tête\Core</Filter>
    </ClInclude>
    <ClInclude Include="..\..\..\Core\Inc\FontSystem.h">
      <Filter>Fichiers d%27en-tête\Core</Filter>
    </ClInclude>
    <ClInclude Include="..\..\..\Core\Inc\GlobalVariables.h">
      <Filter>Fichiers d%27en-tête\Core</Filter>
    </ClInclude>
    <ClInclude Include="..\..\..\Core\Inc\Handle.h">
      <Filter>Fichiers d%27en-tête\Core</Filter>
    </ClInclude>
    <ClInclude Include="..\..\..\Core\Inc\InputManager.h">
      <Filter>Fichiers d%27en-tête\Core</Filter>
    </ClInclude>
    <ClInclude Include="..\..\..\Core\Inc\maths.h">
      <Filter>Fichiers d%27en-tête\Core</Filter>
    </ClInclude>
    <ClInclude Include="..\..\..\Core\Inc\MeshRenderComponent.h">
      <Filter>Fichiers d%27en-tête\Core</Filter>
    </ClInclude>
    <ClInclude Include="..\..\..\Core\Inc\Object.h">
      <Filter>Fichiers d%27en-tête\Core</Filter>
    </ClInclude>
    <ClInclude Include="..\..\..\Core\Inc\ObjectManager.h">
      <Filter>Fichiers d%27en-tête\Core</Filter>
    </ClInclude>
    <ClInclude Include="..\..\..\Core\Inc\PhysicsAPI.h">
      <Filter>Fichiers d%27en-tête\Core</Filter>
    </ClInclude>
    <ClInclude Include="..\..\..\Core\Inc\RenderAPI.h">
      <Filter>Fichiers d%27en-tête\Core</Filter>
    </ClInclude>
    <ClInclude Include="..\..\..\Core\Inc\RenderTypes.h">
      <Filter>Fichiers d%27en-tête\Core</Filter>
    </ClInclude>
    <ClInclude Include="..\..\..\Core\Inc\Resource.h">
      <Filter>Fichiers d%27en-tête\Core</Filter>
    </ClInclude>
    <ClInclude Include="..\..\..\Core\Inc\ResourceDescriptor.h">
      <Filter>Fichiers d%27en-tête\Core</Filter>
    </ClInclude>
    <ClInclude Include="..\..\..\Core\Inc\ResourceManager.h">
      <Filter>Fichiers d%27en-tête\Core</Filter>
    </ClInclude>
    <ClInclude Include="..\..\..\Core\Inc\resourcepointer.h">
      <Filter>Fichiers d%27en-tête\Core</Filter>
    </ClInclude>
    <ClInclude Include="..\..\..\Core\Inc\ResourceSerializer.h">
      <Filter>Fichiers d%27en-tête\Core</Filter>
    </ClInclude>
    <ClInclude Include="..\..\..\Core\Inc\ResourceSpecificManager.h">
      <Filter>Fichiers d%27en-tête\Core</Filter>
    </ClInclude>
    <ClInclude Include="..\..\..\Core\Inc\ResourceType.h">
      <Filter>Fichiers d%27en-tête\Core</Filter>
    </ClInclude>
    <ClInclude Include="..\..\..\Core\Inc\RigidBodyComponent.h">
      <Filter>Fichiers d%27en-tête\Core</Filter>
    </ClInclude>
    <ClInclude Include="..\..\..\Core\Inc\Script.h">
      <Filter>Fichiers d%27en-tête\Core</Filter>
    </ClInclude>
    <ClInclude Include="..\..\..\Core\Inc\ScriptResourceSerializer.h">
      <Filter>Fichiers d%27en-tête\Core</Filter>
    </ClInclude>
    <ClInclude Include="..\..\..\Core\Inc\ScriptSerializer.h">
      <Filter>Fichiers d%27en-tête\Core</Filter>
    </ClInclude>
    <ClInclude Include="..\..\..\Core\Inc\SerializableFactory.h">
      <Filter>Fichiers d%27en-tête\Core</Filter>
    </ClInclude>
    <ClInclude Include="..\..\..\Core\Inc\Serializer.h">
      <Filter>Fichiers d%27en-tête\Core</Filter>
    </ClInclude>
    <ClInclude Include="..\..\..\Core\Inc\smartpointer.h">
      <Filter>Fichiers d%27en-tête\Core</Filter>
    </ClInclude>
    <ClInclude Include="..\..\..\Core\Inc\Temp.h">
      <Filter>Fichiers d%27en-tête\Core</Filter>
    </ClInclude>
    <ClInclude Include="..\..\..\Core\Inc\Text.h">
      <Filter>Fichiers d%27en-tête\Core</Filter>
    </ClInclude>
    <ClInclude Include="..\..\..\Core\Inc\WhiteBoxNameSpace.h">
      <Filter>Fichiers d%27en-tête\Core</Filter>
    </ClInclude>
    <ClInclude Include="..\..\..\Core\Inc\whiteboxstring.h">
      <Filter>Fichiers d%27en-tête\Core</Filter>
    </ClInclude>
    <ClInclude Include="..\..\..\Core\Inc\Animation\Animation.h">
      <Filter>Fichiers d%27en-tête\Core\Animation</Filter>
    </ClInclude>
    <ClInclude Include="..\..\..\Core\Inc\Animation\AnimationTrack.h">
      <Filter>Fichiers d%27en-tête\Core\Animation</Filter>
    </ClInclude>
    <ClInclude Include="..\..\..\Core\Inc\Animation\Skeleton.h">
      <Filter>Fichiers d%27en-tête\Core\Animation</Filter>
    </ClInclude>
    <ClInclude Include="..\..\..\Core\Inc\Render\Camera.h">
      <Filter>Fichiers d%27en-tête\Core\Render</Filter>
    </ClInclude>
    <ClInclude Include="..\..\..\Core\Inc\Render\Font.h">
      <Filter>Fichiers d%27en-tête\Core\Render</Filter>
    </ClInclude>
    <ClInclude Include="..\..\..\Core\Inc\Render\FontSerializer.h">
      <Filter>Fichiers d%27en-tête\Core\Render</Filter>
    </ClInclude>
    <ClInclude Include="..\..\..\Core\Inc\Render\IndexBuffer.h">
      <Filter>Fichiers d%27en-tête\Core\Render</Filter>
    </ClInclude>
    <ClInclude Include="..\..\..\Core\Inc\Render\Material.h">
      <Filter>Fichiers d%27en-tête\Core\Render</Filter>
    </ClInclude>
    <ClInclude Include="..\..\..\Core\Inc\Render\MaterialHelper.h">
      <Filter>Fichiers d%27en-tête\Core\Render</Filter>
    </ClInclude>
    <ClInclude Include="..\..\..\Core\Inc\Render\MaterialSerializer.h">
      <Filter>Fichiers d%27en-tête\Core\Render</Filter>
    </ClInclude>
    <ClInclude Include="..\..\..\Core\Inc\Render\Mesh.h">
      <Filter>Fichiers d%27en-tête\Core\Render</Filter>
    </ClInclude>
    <ClInclude Include="..\..\..\Core\Inc\Render\MeshHelper.h">
      <Filter>Fichiers d%27en-tête\Core\Render</Filter>
    </ClInclude>
    <ClInclude Include="..\..\..\Core\Inc\Render\MeshSerializer.h">
      <Filter>Fichiers d%27en-tête\Core\Render</Filter>
    </ClInclude>
    <ClInclude Include="..\..\..\Core\Inc\Render\Picture.h">
      <Filter>Fichiers d%27en-tête\Core\Render</Filter>
    </ClInclude>
    <ClInclude Include="..\..\..\Core\Inc\Render\Renderer.h">
      <Filter>Fichiers d%27en-tête\Core\Render</Filter>
    </ClInclude>
    <ClInclude Include="..\..\..\Core\Inc\Render\RenderPipeline.h">
      <Filter>Fichiers d%27en-tête\Core\Render</Filter>
    </ClInclude>
    <ClInclude Include="..\..\..\Core\Inc\Render\RenderTarget.h">
      <Filter>Fichiers d%27en-tête\Core\Render</Filter>
    </ClInclude>
    <ClInclude Include="..\..\..\Core\Inc\Render\RenderWindow.h">
      <Filter>Fichiers d%27en-tête\Core\Render</Filter>
    </ClInclude>
    <ClInclude Include="..\..\..\Core\Inc\Render\Shader.h">
      <Filter>Fichiers d%27en-tête\Core\Render</Filter>
    </ClInclude>
    <ClInclude Include="..\..\..\Core\Inc\Render\ShaderProgram.h">
      <Filter>Fichiers d%27en-tête\Core\Render</Filter>
    </ClInclude>
    <ClInclude Include="..\..\..\Core\Inc\Render\ShaderProgramSerializer.h">
      <Filter>Fichiers d%27en-tête\Core\Render</Filter>
    </ClInclude>
    <ClInclude Include="..\..\..\Core\Inc\Render\ShaderSerializer.h">
      <Filter>Fichiers d%27en-tête\Core\Render</Filter>
    </ClInclude>
    <ClInclude Include="..\..\..\Core\Inc\Render\TextMesh.h">
      <Filter>Fichiers d%27en-tête\Core\Render</Filter>
    </ClInclude>
    <ClInclude Include="..\..\..\Core\Inc\Render\Texture.h">
      <Filter>Fichiers d%27en-tête\Core\Render</Filter>
    </ClInclude>
    <ClInclude Include="..\..\..\Core\Inc\Render\TextureSerializer.h">
      <Filter>Fichiers d%27en-tête\Core\Render</Filter>
    </ClInclude>
    <ClInclude Include="..\..\..\Core\Inc\Render\VertexBuffer.h">
      <Filter>Fichiers d%27en-tête\Core\Render</Filter>
    </ClInclude>
    <ClInclude Include="..\..\..\Core\Inc\System\OperatingSystem.h">
      <Filter>Fichiers d%27en-tête\Core</Filter>
    </ClInclude>
    <ClInclude Include="..\..\..\Editor\Inc\AssetExporter.h">
      <Filter>Fichiers d%27en-tête\Editor</Filter>
    </ClInclude>
    <ClInclude Include="..\..\..\Editor\Inc\AssetManager.h">
      <Filter>Fichiers d%27en-tête\Editor</Filter>
    </ClInclude>
    <ClInclude Include="..\..\..\Editor\Inc\CopyExporter.h">
      <Filter>Fichiers d%27en-tête\Editor</Filter>
    </ClInclude>
    <ClInclude Include="..\..\..\Editor\Inc\FbxExporter.h">
      <Filter>Fichiers d%27en-tête\Editor</Filter>
    </ClInclude>
    <ClInclude Include="..\..\..\Editor\Inc\MtlExporter.h">
      <Filter>Fichiers d%27en-tête\Editor</Filter>
    </ClInclude>
    <ClInclude Include="..\..\..\Editor\Inc\ObjExporter.h">
      <Filter>Fichiers d%27en-tête\Editor</Filter>
    </ClInclude>
    <ClInclude Include="..\..\..\Editor\Inc\TextureExporter.h">
      <Filter>Fichiers d%27en-tête\Editor</Filter>
    </ClInclude>
    <ClInclude Include="..\..\..\Core\Inc\System\GearVR\WhiteBoxGearLibrary.h">
      <Filter>Fichiers d%27en-tête\Core\System\GearVR</Filter>
    </ClInclude>
    <ClInclude Include="..\..\..\Core\Inc\Types\Array.h">
      <Filter>Fichiers d%27en-tête\Core\Types</Filter>
    </ClInclude>
    <ClInclude Include="..\..\..\Core\Inc\Types\BitArray.h">
      <Filter>Fichiers d%27en-tête\Core\Types</Filter>
    </ClInclude>
    <ClInclude Include="..\..\..\Core\Inc\Types\HashMap.h">
      <Filter>Fichiers d%27en-tête\Core\Types</Filter>
    </ClInclude>
    <ClInclude Include="..\..\..\Core\Inc\Types\SparseArray.h">
      <Filter>Fichiers d%27en-tête\Core\Types</Filter>
    </ClInclude>
    <ClInclude Include="..\..\..\Core\Inc\LogSystem\LogSystem.h">
      <Filter>Fichiers d%27en-tête\Core\LogSystem</Filter>
    </ClInclude>
    <ClInclude Include="..\..\..\Core\Inc\Png\lodepng.h">
      <Filter>Fichiers d%27en-tête</Filter>
    </ClInclude>
    <ClInclude Include="..\..\..\Core\Inc\System\Thread.h">
      <Filter>Fichiers d%27en-tête</Filter>
    </ClInclude>
  </ItemGroup>
  <ItemGroup>
    <ClCompile Include="..\..\..\Core\Src\Application.cpp">
      <Filter>Fichiers sources\Core</Filter>
    </ClCompile>
    <ClCompile Include="..\..\..\Core\Src\Camera.cpp">
      <Filter>Fichiers sources\Core</Filter>
    </ClCompile>
    <ClCompile Include="..\..\..\Core\Src\DataStream.cpp">
      <Filter>Fichiers sources\Core</Filter>
    </ClCompile>
    <ClCompile Include="..\..\..\Core\Src\FontSystem.cpp">
      <Filter>Fichiers sources\Core</Filter>
    </ClCompile>
    <ClCompile Include="..\..\..\Core\Src\GlobalVariables.cpp">
      <Filter>Fichiers sources\Core</Filter>
    </ClCompile>
    <ClCompile Include="..\..\..\Core\Src\Maths.cpp">
      <Filter>Fichiers sources\Core</Filter>
    </ClCompile>
    <ClCompile Include="..\..\..\Core\Src\ResourceDescriptor.cpp">
      <Filter>Fichiers sources\Core</Filter>
    </ClCompile>
    <ClCompile Include="..\..\..\Core\Src\ResourceManager.cpp">
      <Filter>Fichiers sources\Core</Filter>
    </ClCompile>
    <ClCompile Include="..\..\..\Core\Src\ResourceSpecificManager.cpp">
      <Filter>Fichiers sources\Core</Filter>
    </ClCompile>
    <ClCompile Include="..\..\..\Core\Src\Script.cpp">
      <Filter>Fichiers sources\Core</Filter>
    </ClCompile>
    <ClCompile Include="..\..\..\Core\Src\ScriptResourceSerializer.cpp">
      <Filter>Fichiers sources\Core</Filter>
    </ClCompile>
    <ClCompile Include="..\..\..\Core\Src\ScriptSerializer.cpp">
      <Filter>Fichiers sources\Core</Filter>
    </ClCompile>
    <ClCompile Include="..\..\..\Core\Src\Animation\Animation.cpp">
      <Filter>Fichiers sources\Core\Animation</Filter>
    </ClCompile>
    <ClCompile Include="..\..\..\Core\Src\Animation\AnimationTrack.cpp">
      <Filter>Fichiers sources\Core\Animation</Filter>
    </ClCompile>
    <ClCompile Include="..\..\..\Core\Src\Animation\Skeleton.cpp">
      <Filter>Fichiers sources\Core\Animation</Filter>
    </ClCompile>
    <ClCompile Include="..\..\..\Core\Src\Render\Font.cpp">
      <Filter>Fichiers sources\Core\Render</Filter>
    </ClCompile>
    <ClCompile Include="..\..\..\Core\Src\Render\FontSerializer.cpp">
      <Filter>Fichiers sources\Core\Render</Filter>
    </ClCompile>
    <ClCompile Include="..\..\..\Core\Src\Render\IndexBuffer.cpp">
      <Filter>Fichiers sources\Core\Render</Filter>
    </ClCompile>
    <ClCompile Include="..\..\..\Core\Src\Render\Material.cpp">
      <Filter>Fichiers sources\Core\Render</Filter>
    </ClCompile>
    <ClCompile Include="..\..\..\Core\Src\Render\MaterialHelper.cpp">
      <Filter>Fichiers sources\Core\Render</Filter>
    </ClCompile>
    <ClCompile Include="..\..\..\Core\Src\Render\MaterialSerializer.cpp">
      <Filter>Fichiers sources\Core\Render</Filter>
    </ClCompile>
    <ClCompile Include="..\..\..\Core\Src\Render\Mesh.cpp">
      <Filter>Fichiers sources\Core\Render</Filter>
    </ClCompile>
    <ClCompile Include="..\..\..\Core\Src\Render\MeshHelper.cpp">
      <Filter>Fichiers sources\Core\Render</Filter>
    </ClCompile>
    <ClCompile Include="..\..\..\Core\Src\Render\MeshSerializer.cpp">
      <Filter>Fichiers sources\Core\Render</Filter>
    </ClCompile>
    <ClCompile Include="..\..\..\Core\Src\Render\Picture.cpp">
      <Filter>Fichiers sources\Core\Render</Filter>
    </ClCompile>
    <ClCompile Include="..\..\..\Core\Src\Render\Renderer.cpp">
      <Filter>Fichiers sources\Core\Render</Filter>
    </ClCompile>
    <ClCompile Include="..\..\..\Core\Src\Render\RenderPipeline.cpp">
      <Filter>Fichiers sources\Core\Render</Filter>
    </ClCompile>
    <ClCompile Include="..\..\..\Core\Src\Render\RenderWindow.cpp">
      <Filter>Fichiers sources\Core\Render</Filter>
    </ClCompile>
    <ClCompile Include="..\..\..\Core\Src\Render\Shader.cpp">
      <Filter>Fichiers sources\Core\Render</Filter>
    </ClCompile>
    <ClCompile Include="..\..\..\Core\Src\Render\ShaderProgram.cpp">
      <Filter>Fichiers sources\Core\Render</Filter>
    </ClCompile>
    <ClCompile Include="..\..\..\Core\Src\Render\ShaderProgramSerializer.cpp">
      <Filter>Fichiers sources\Core\Render</Filter>
    </ClCompile>
    <ClCompile Include="..\..\..\Core\Src\Render\ShaderSerializer.cpp">
      <Filter>Fichiers sources\Core\Render</Filter>
    </ClCompile>
    <ClCompile Include="..\..\..\Core\Src\Render\TextMesh.cpp">
      <Filter>Fichiers sources\Core\Render</Filter>
    </ClCompile>
    <ClCompile Include="..\..\..\Core\Src\Render\Texture.cpp">
      <Filter>Fichiers sources\Core\Render</Filter>
    </ClCompile>
    <ClCompile Include="..\..\..\Core\Src\Render\TextureSerializer.cpp">
      <Filter>Fichiers sources\Core\Render</Filter>
    </ClCompile>
    <ClCompile Include="..\..\..\Core\Src\Render\VertexBuffer.cpp">
      <Filter>Fichiers sources\Core\Render</Filter>
    </ClCompile>
    <ClCompile Include="..\..\..\Core\Src\System\FileSystem.cpp">
      <Filter>Fichiers sources\Core\System</Filter>
    </ClCompile>
    <ClCompile Include="..\..\..\Core\Src\System\OperatingSystem.cpp">
      <Filter>Fichiers sources\Core\System</Filter>
    </ClCompile>
    <ClCompile Include="..\..\..\Editor\Src\AssetExporter.cpp">
      <Filter>Fichiers sources\Editor</Filter>
    </ClCompile>
    <ClCompile Include="..\..\..\Editor\Src\AssetManager.cpp">
      <Filter>Fichiers sources\Editor</Filter>
    </ClCompile>
    <ClCompile Include="..\..\..\Editor\Src\CopyExporter.cpp">
      <Filter>Fichiers sources\Editor</Filter>
    </ClCompile>
    <ClCompile Include="..\..\..\Editor\Src\FbxExporter.cpp">
      <Filter>Fichiers sources\Editor</Filter>
    </ClCompile>
    <ClCompile Include="..\..\..\Editor\Src\main.cpp">
      <Filter>Fichiers sources\Editor</Filter>
    </ClCompile>
    <ClCompile Include="..\..\..\Editor\Src\MtlExporter.cpp">
      <Filter>Fichiers sources\Editor</Filter>
    </ClCompile>
    <ClCompile Include="..\..\..\Editor\Src\ObjExporter.cpp">
      <Filter>Fichiers sources\Editor</Filter>
    </ClCompile>
    <ClCompile Include="..\..\..\Editor\Src\TextureExporter.cpp">
      <Filter>Fichiers sources\Editor</Filter>
    </ClCompile>
    <ClCompile Include="..\..\..\Editor\Libs\DDS\image_DXT.c">
      <Filter>Fichiers sources\Editor</Filter>
    </ClCompile>
    <ClCompile Include="..\..\..\Core\Src\System\GearVR\WhiteBoxGearLibrary.cpp">
      <Filter>Fichiers sources\Core\System\GearVR</Filter>
    </ClCompile>
    <ClCompile Include="..\..\..\Core\Src\Types\WhiteBoxString.cpp">
      <Filter>Fichiers sources\Core\Types</Filter>
    </ClCompile>
    <ClCompile Include="..\..\..\Core\Src\System\GearVR\GearVR_AndroidApp.cpp">
      <Filter>Fichiers sources\Core\System\GearVR</Filter>
    </ClCompile>
    <ClCompile Include="..\..\..\Core\Src\System\GearVR\GearVR_OperatingSystem.cpp">
      <Filter>Fichiers sources\Core\System\GearVR</Filter>
    </ClCompile>
    <ClCompile Include="..\..\..\Core\Src\LogSystem\LogSystem.cpp">
      <Filter>Fichiers sources\Core\LogSystem</Filter>
    </ClCompile>
    <ClCompile Include="..\..\..\Core\Src\System\GearVR\GearVR_ReadFromAPK.cpp">
      <Filter>Fichiers sources</Filter>
    </ClCompile>
    <ClCompile Include="..\..\..\Core\Src\Png\lodepng.cpp">
      <Filter>Fichiers sources</Filter>
    </ClCompile>
    <ClCompile Include="..\..\..\Core\Src\System\Thread.cpp">
      <Filter>Fichiers sources</Filter>
    </ClCompile>
  </ItemGroup>
</Project>