<?xml version="1.0" encoding="utf-8"?>
<Project ToolsVersion="4.0" xmlns="http://schemas.microsoft.com/developer/msbuild/2003">
  <ItemGroup>
    <ClCompile Include="..\..\..\..\src\type42\t42drivr.c" />
    <ClCompile Include="..\..\..\..\src\type42\t42objs.c" />
    <ClCompile Include="..\..\..\..\src\type42\t42parse.c" />
    <ClCompile Include="..\..\..\..\src\type42\type42.c" />
    <ClCompile Include="..\..\..\..\src\autofit\afpic.c" />
    <ClCompile Include="..\..\..\..\src\autofit\autofit.c" />
    <ClCompile Include="..\..\..\..\src\base\basepic.c" />
    <ClCompile Include="..\..\..\..\src\base\ftadvanc.c" />
    <ClCompile Include="..\..\..\..\src\base\ftapi.c" />
    <ClCompile Include="..\..\..\..\src\base\ftbase.c" />
    <ClCompile Include="..\..\..\..\src\base\ftbbox.c" />
    <ClCompile Include="..\..\..\..\src\base\ftbdf.c" />
    <ClCompile Include="..\..\..\..\src\base\ftbitmap.c" />
    <ClCompile Include="..\..\..\..\src\base\ftcalc.c" />
    <ClCompile Include="..\..\..\..\src\base\ftcid.c" />
    <ClCompile Include="..\..\..\..\src\base\ftdbgmem.c" />
    <ClCompile Include="..\..\..\..\src\base\ftdebug.c" />
    <ClCompile Include="..\..\..\..\src\base\ftfstype.c" />
    <ClCompile Include="..\..\..\..\src\base\ftgasp.c" />
    <ClCompile Include="..\..\..\..\src\base\ftgloadr.c" />
    <ClCompile Include="..\..\..\..\src\base\ftglyph.c" />
    <ClCompile Include="..\..\..\..\src\base\ftgxval.c" />
    <ClCompile Include="..\..\..\..\src\base\ftinit.c" />
    <ClCompile Include="..\..\..\..\src\base\ftlcdfil.c" />
    <ClCompile Include="..\..\..\..\src\base\ftmm.c" />
    <ClCompile Include="..\..\..\..\src\base\ftobjs.c" />
    <ClCompile Include="..\..\..\..\src\base\ftotval.c" />
    <ClCompile Include="..\..\..\..\src\base\ftoutln.c" />
    <ClCompile Include="..\..\..\..\src\base\ftpatent.c" />
    <ClCompile Include="..\..\..\..\src\base\ftpfr.c" />
    <ClCompile Include="..\..\..\..\src\base\ftpic.c" />
    <ClCompile Include="..\..\..\..\src\base\ftrfork.c" />
    <ClCompile Include="..\..\..\..\src\base\ftsnames.c" />
    <ClCompile Include="..\..\..\..\src\base\ftstream.c" />
    <ClCompile Include="..\..\..\..\src\base\ftstroke.c" />
    <ClCompile Include="..\..\..\..\src\base\ftsynth.c" />
    <ClCompile Include="..\..\..\..\src\base\ftsystem.c" />
    <ClCompile Include="..\..\..\..\src\base\fttrigon.c" />
    <ClCompile Include="..\..\..\..\src\base\fttype1.c" />
    <ClCompile Include="..\..\..\..\src\base\ftutil.c" />
    <ClCompile Include="..\..\..\..\src\base\ftwinfnt.c" />
    <ClCompile Include="..\..\..\..\src\base\ftxf86.c" />
    <ClCompile Include="..\..\..\..\src\bdf\bdf.c" />
    <ClCompile Include="..\..\..\..\src\bdf\bdfdrivr.c" />
    <ClCompile Include="..\..\..\..\src\bdf\bdflib.c" />
    <ClCompile Include="..\..\..\..\src\cache\ftcache.c" />
    <ClCompile Include="..\..\..\..\src\cache\ftcbasic.c" />
    <ClCompile Include="..\..\..\..\src\cache\ftccache.c" />
    <ClCompile Include="..\..\..\..\src\cache\ftccmap.c" />
    <ClCompile Include="..\..\..\..\src\cache\ftcglyph.c" />
    <ClCompile Include="..\..\..\..\src\cache\ftcimage.c" />
    <ClCompile Include="..\..\..\..\src\cache\ftcmanag.c" />
    <ClCompile Include="..\..\..\..\src\cache\ftcmru.c" />
    <ClCompile Include="..\..\..\..\src\cache\ftcsbits.c" />
    <ClCompile Include="..\..\..\..\src\cff\cff.c" />
    <ClCompile Include="..\..\..\..\src\cff\cffcmap.c" />
    <ClCompile Include="..\..\..\..\src\cff\cffdrivr.c" />
    <ClCompile Include="..\..\..\..\src\cff\cffgload.c" />
    <ClCompile Include="..\..\..\..\src\cff\cffload.c" />
    <ClCompile Include="..\..\..\..\src\cff\cffobjs.c" />
    <ClCompile Include="..\..\..\..\src\cff\cffparse.c" />
    <ClCompile Include="..\..\..\..\src\cff\cffpic.c" />
    <ClCompile Include="..\..\..\..\src\cid\cidgload.c" />
    <ClCompile Include="..\..\..\..\src\cid\cidload.c" />
    <ClCompile Include="..\..\..\..\src\cid\cidobjs.c" />
    <ClCompile Include="..\..\..\..\src\cid\cidparse.c" />
    <ClCompile Include="..\..\..\..\src\cid\cidriver.c" />
    <ClCompile Include="..\..\..\..\src\cid\type1cid.c" />
    <ClCompile Include="..\..\..\..\src\gxvalid\gxvalid.c" />
    <ClCompile Include="..\..\..\..\src\gxvalid\gxvbsln.c" />
    <ClCompile Include="..\..\..\..\src\gxvalid\gxvcommn.c" />
    <ClCompile Include="..\..\..\..\src\gxvalid\gxvfeat.c" />
    <ClCompile Include="..\..\..\..\src\gxvalid\gxvfgen.c" />
    <ClCompile Include="..\..\..\..\src\gxvalid\gxvjust.c" />
    <ClCompile Include="..\..\..\..\src\gxvalid\gxvkern.c" />
    <ClCompile Include="..\..\..\..\src\gxvalid\gxvlcar.c" />
    <ClCompile Include="..\..\..\..\src\gxvalid\gxvmod.c" />
    <ClCompile Include="..\..\..\..\src\gxvalid\gxvmort.c" />
    <ClCompile Include="..\..\..\..\src\gxvalid\gxvmort0.c" />
    <ClCompile Include="..\..\..\..\src\gxvalid\gxvmort1.c" />
    <ClCompile Include="..\..\..\..\src\gxvalid\gxvmort2.c" />
    <ClCompile Include="..\..\..\..\src\gxvalid\gxvmort4.c" />
    <ClCompile Include="..\..\..\..\src\gxvalid\gxvmort5.c" />
    <ClCompile Include="..\..\..\..\src\gxvalid\gxvmorx.c" />
    <ClCompile Include="..\..\..\..\src\gxvalid\gxvmorx0.c" />
    <ClCompile Include="..\..\..\..\src\gxvalid\gxvmorx1.c" />
    <ClCompile Include="..\..\..\..\src\gxvalid\gxvmorx2.c" />
    <ClCompile Include="..\..\..\..\src\gxvalid\gxvmorx4.c" />
    <ClCompile Include="..\..\..\..\src\gxvalid\gxvmorx5.c" />
    <ClCompile Include="..\..\..\..\src\gxvalid\gxvopbd.c" />
    <ClCompile Include="..\..\..\..\src\gxvalid\gxvprop.c" />
    <ClCompile Include="..\..\..\..\src\gxvalid\gxvtrak.c" />
    <ClCompile Include="..\..\..\..\src\gzip\ftgzip.c" />
    <ClCompile Include="..\..\..\..\src\lzw\ftlzw.c" />
    <ClCompile Include="..\..\..\..\src\lzw\ftzopen.c" />
    <ClCompile Include="..\..\..\..\src\otvalid\otvalid.c" />
    <ClCompile Include="..\..\..\..\src\otvalid\otvbase.c" />
    <ClCompile Include="..\..\..\..\src\otvalid\otvcommn.c" />
    <ClCompile Include="..\..\..\..\src\otvalid\otvgdef.c" />
    <ClCompile Include="..\..\..\..\src\otvalid\otvgpos.c" />
    <ClCompile Include="..\..\..\..\src\otvalid\otvgsub.c" />
    <ClCompile Include="..\..\..\..\src\otvalid\otvjstf.c" />
    <ClCompile Include="..\..\..\..\src\otvalid\otvmath.c" />
    <ClCompile Include="..\..\..\..\src\otvalid\otvmod.c" />
    <ClCompile Include="..\..\..\..\src\pcf\pcf.c" />
    <ClCompile Include="..\..\..\..\src\pcf\pcfdrivr.c" />
    <ClCompile Include="..\..\..\..\src\pcf\pcfread.c" />
    <ClCompile Include="..\..\..\..\src\pcf\pcfutil.c" />
    <ClCompile Include="..\..\..\..\src\pfr\pfr.c" />
    <ClCompile Include="..\..\..\..\src\pfr\pfrcmap.c" />
    <ClCompile Include="..\..\..\..\src\pfr\pfrdrivr.c" />
    <ClCompile Include="..\..\..\..\src\pfr\pfrgload.c" />
    <ClCompile Include="..\..\..\..\src\pfr\pfrload.c" />
    <ClCompile Include="..\..\..\..\src\pfr\pfrobjs.c" />
    <ClCompile Include="..\..\..\..\src\pfr\pfrsbit.c" />
    <ClCompile Include="..\..\..\..\src\psaux\afmparse.c" />
    <ClCompile Include="..\..\..\..\src\psaux\psaux.c" />
    <ClCompile Include="..\..\..\..\src\psaux\psauxmod.c" />
    <ClCompile Include="..\..\..\..\src\psaux\psconv.c" />
    <ClCompile Include="..\..\..\..\src\psaux\psobjs.c" />
    <ClCompile Include="..\..\..\..\src\psaux\t1cmap.c" />
    <ClCompile Include="..\..\..\..\src\psaux\t1decode.c" />
    <ClCompile Include="..\..\..\..\src\pshinter\pshalgo.c" />
    <ClCompile Include="..\..\..\..\src\pshinter\pshglob.c" />
    <ClCompile Include="..\..\..\..\src\pshinter\pshinter.c" />
    <ClCompile Include="..\..\..\..\src\pshinter\pshmod.c" />
    <ClCompile Include="..\..\..\..\src\pshinter\pshpic.c" />
    <ClCompile Include="..\..\..\..\src\pshinter\pshrec.c" />
    <ClCompile Include="..\..\..\..\src\psnames\psmodule.c" />
    <ClCompile Include="..\..\..\..\src\psnames\psnames.c" />
    <ClCompile Include="..\..\..\..\src\psnames\pspic.c" />
    <ClCompile Include="..\..\..\..\src\raster\raster.c" />
    <ClCompile Include="..\..\..\..\src\sfnt\sfdriver.c" />
    <ClCompile Include="..\..\..\..\src\sfnt\sfnt.c" />
    <ClCompile Include="..\..\..\..\src\sfnt\sfntpic.c" />
    <ClCompile Include="..\..\..\..\src\sfnt\sfobjs.c" />
    <ClCompile Include="..\..\..\..\src\sfnt\ttbdf.c" />
    <ClCompile Include="..\..\..\..\src\sfnt\ttcmap.c" />
    <ClCompile Include="..\..\..\..\src\sfnt\ttkern.c" />
    <ClCompile Include="..\..\..\..\src\sfnt\ttload.c" />
    <ClCompile Include="..\..\..\..\src\sfnt\ttmtx.c" />
    <ClCompile Include="..\..\..\..\src\sfnt\ttpost.c" />
    <ClCompile Include="..\..\..\..\src\sfnt\ttsbit.c" />
    <ClCompile Include="..\..\..\..\src\sfnt\ttsbit0.c" />
    <ClCompile Include="..\..\..\..\src\smooth\ftgrays.c" />
    <ClCompile Include="..\..\..\..\src\smooth\ftspic.c" />
    <ClCompile Include="..\..\..\..\src\smooth\smooth.c" />
    <ClCompile Include="..\..\..\..\src\tools\ftrandom\ftrandom.c" />
    <ClCompile Include="..\..\..\..\src\tools\apinames.c" />
    <ClCompile Include="..\..\..\..\src\tools\test_afm.c" />
    <ClCompile Include="..\..\..\..\src\tools\test_bbox.c" />
    <ClCompile Include="..\..\..\..\src\tools\test_trig.c" />
    <ClCompile Include="..\..\..\..\src\truetype\truetype.c" />
    <ClCompile Include="..\..\..\..\src\truetype\ttdriver.c" />
    <ClCompile Include="..\..\..\..\src\truetype\ttgload.c" />
    <ClCompile Include="..\..\..\..\src\truetype\ttgxvar.c" />
    <ClCompile Include="..\..\..\..\src\truetype\ttinterp.c" />
    <ClCompile Include="..\..\..\..\src\truetype\ttobjs.c" />
    <ClCompile Include="..\..\..\..\src\truetype\ttpic.c" />
    <ClCompile Include="..\..\..\..\src\truetype\ttpload.c" />
    <ClCompile Include="..\..\..\..\src\type1\t1afm.c" />
    <ClCompile Include="..\..\..\..\src\type1\t1driver.c" />
    <ClCompile Include="..\..\..\..\src\type1\t1gload.c" />
    <ClCompile Include="..\..\..\..\src\type1\t1load.c" />
    <ClCompile Include="..\..\..\..\src\type1\t1objs.c" />
    <ClCompile Include="..\..\..\..\src\type1\t1parse.c" />
    <ClCompile Include="..\..\..\..\src\type1\type1.c" />
    <ClCompile Include="..\..\..\..\src\winfonts\winfnt.c" />
  </ItemGroup>
  <ItemGroup>
    <ClInclude Include="..\..\..\..\src\type42\t42drivr.h" />
    <ClInclude Include="..\..\..\..\src\type42\t42error.h" />
    <ClInclude Include="..\..\..\..\src\type42\t42objs.h" />
    <ClInclude Include="..\..\..\..\src\type42\t42parse.h" />
    <ClInclude Include="..\..\..\..\src\type42\t42types.h" />
    <ClInclude Include="..\..\..\..\src\autofit\afangles.h" />
    <ClInclude Include="..\..\..\..\src\autofit\afcjk.h" />
    <ClInclude Include="..\..\..\..\src\autofit\afdummy.h" />
    <ClInclude Include="..\..\..\..\src\autofit\aferrors.h" />
    <ClInclude Include="..\..\..\..\src\autofit\afglobal.h" />
    <ClInclude Include="..\..\..\..\src\autofit\afhints.h" />
    <ClInclude Include="..\..\..\..\src\autofit\afindic.h" />
    <ClInclude Include="..\..\..\..\src\autofit\aflatin.h" />
    <ClInclude Include="..\..\..\..\src\autofit\aflatin2.h" />
    <ClInclude Include="..\..\..\..\src\autofit\afloader.h" />
    <ClInclude Include="..\..\..\..\src\autofit\afpic.h" />
    <ClInclude Include="..\..\..\..\src\autofit\aftypes.h" />
    <ClInclude Include="..\..\..\..\src\autofit\afwarp.h" />
    <ClInclude Include="..\..\..\..\src\base\basepic.h" />
    <ClInclude Include="..\..\..\..\src\base\ftbase.h" />
    <ClInclude Include="..\..\..\..\src\bdf\bdf.h" />
    <ClInclude Include="..\..\..\..\src\bdf\bdfdrivr.h" />
    <ClInclude Include="..\..\..\..\src\bdf\bdferror.h" />
    <ClInclude Include="..\..\..\..\src\cache\ftccache.h" />
    <ClInclude Include="..\..\..\..\src\cache\ftccback.h" />
    <ClInclude Include="..\..\..\..\src\cache\ftcerror.h" />
    <ClInclude Include="..\..\..\..\src\cache\ftcglyph.h" />
    <ClInclude Include="..\..\..\..\src\cache\ftcimage.h" />
    <ClInclude Include="..\..\..\..\src\cache\ftcmanag.h" />
    <ClInclude Include="..\..\..\..\src\cache\ftcmru.h" />
    <ClInclude Include="..\..\..\..\src\cache\ftcsbits.h" />
    <ClInclude Include="..\..\..\..\src\cff\cffcmap.h" />
    <ClInclude Include="..\..\..\..\src\cff\cffdrivr.h" />
    <ClInclude Include="..\..\..\..\src\cff\cfferrs.h" />
    <ClInclude Include="..\..\..\..\src\cff\cffgload.h" />
    <ClInclude Include="..\..\..\..\src\cff\cffload.h" />
    <ClInclude Include="..\..\..\..\src\cff\cffobjs.h" />
    <ClInclude Include="..\..\..\..\src\cff\cffparse.h" />
    <ClInclude Include="..\..\..\..\src\cff\cffpic.h" />
    <ClInclude Include="..\..\..\..\src\cff\cfftoken.h" />
    <ClInclude Include="..\..\..\..\src\cff\cfftypes.h" />
    <ClInclude Include="..\..\..\..\src\cid\ciderrs.h" />
    <ClInclude Include="..\..\..\..\src\cid\cidgload.h" />
    <ClInclude Include="..\..\..\..\src\cid\cidload.h" />
    <ClInclude Include="..\..\..\..\src\cid\cidobjs.h" />
    <ClInclude Include="..\..\..\..\src\cid\cidparse.h" />
    <ClInclude Include="..\..\..\..\src\cid\cidriver.h" />
    <ClInclude Include="..\..\..\..\src\cid\cidtoken.h" />
    <ClInclude Include="..\..\..\..\src\gxvalid\gxvalid.h" />
    <ClInclude Include="..\..\..\..\src\gxvalid\gxvcommn.h" />
    <ClInclude Include="..\..\..\..\src\gxvalid\gxverror.h" />
    <ClInclude Include="..\..\..\..\src\gxvalid\gxvfeat.h" />
    <ClInclude Include="..\..\..\..\src\gxvalid\gxvmod.h" />
    <ClInclude Include="..\..\..\..\src\gxvalid\gxvmort.h" />
    <ClInclude Include="..\..\..\..\src\gxvalid\gxvmorx.h" />
    <ClInclude Include="..\..\..\..\src\gzip\infblock.h" />
    <ClInclude Include="..\..\..\..\src\gzip\infcodes.h" />
    <ClInclude Include="..\..\..\..\src\gzip\inffixed.h" />
    <ClInclude Include="..\..\..\..\src\gzip\inftrees.h" />
    <ClInclude Include="..\..\..\..\src\gzip\infutil.h" />
    <ClInclude Include="..\..\..\..\src\gzip\zconf.h" />
    <ClInclude Include="..\..\..\..\src\gzip\zlib.h" />
    <ClInclude Include="..\..\..\..\src\gzip\zutil.h" />
    <ClInclude Include="..\..\..\..\src\lzw\ftzopen.h" />
    <ClInclude Include="..\..\..\..\src\otvalid\otvalid.h" />
    <ClInclude Include="..\..\..\..\src\otvalid\otvcommn.h" />
    <ClInclude Include="..\..\..\..\src\otvalid\otverror.h" />
    <ClInclude Include="..\..\..\..\src\otvalid\otvgpos.h" />
    <ClInclude Include="..\..\..\..\src\otvalid\otvmod.h" />
    <ClInclude Include="..\..\..\..\src\pcf\pcf.h" />
    <ClInclude Include="..\..\..\..\src\pcf\pcfdrivr.h" />
    <ClInclude Include="..\..\..\..\src\pcf\pcferror.h" />
    <ClInclude Include="..\..\..\..\src\pcf\pcfread.h" />
    <ClInclude Include="..\..\..\..\src\pcf\pcfutil.h" />
    <ClInclude Include="..\..\..\..\src\pfr\pfrcmap.h" />
    <ClInclude Include="..\..\..\..\src\pfr\pfrdrivr.h" />
    <ClInclude Include="..\..\..\..\src\pfr\pfrerror.h" />
    <ClInclude Include="..\..\..\..\src\pfr\pfrgload.h" />
    <ClInclude Include="..\..\..\..\src\pfr\pfrload.h" />
    <ClInclude Include="..\..\..\..\src\pfr\pfrobjs.h" />
    <ClInclude Include="..\..\..\..\src\pfr\pfrsbit.h" />
    <ClInclude Include="..\..\..\..\src\pfr\pfrtypes.h" />
    <ClInclude Include="..\..\..\..\src\psaux\afmparse.h" />
    <ClInclude Include="..\..\..\..\src\psaux\psauxerr.h" />
    <ClInclude Include="..\..\..\..\src\psaux\psauxmod.h" />
    <ClInclude Include="..\..\..\..\src\psaux\psconv.h" />
    <ClInclude Include="..\..\..\..\src\psaux\psobjs.h" />
    <ClInclude Include="..\..\..\..\src\psaux\t1cmap.h" />
    <ClInclude Include="..\..\..\..\src\psaux\t1decode.h" />
    <ClInclude Include="..\..\..\..\src\pshinter\pshalgo.h" />
    <ClInclude Include="..\..\..\..\src\pshinter\pshglob.h" />
    <ClInclude Include="..\..\..\..\src\pshinter\pshmod.h" />
    <ClInclude Include="..\..\..\..\src\pshinter\pshnterr.h" />
    <ClInclude Include="..\..\..\..\src\pshinter\pshpic.h" />
    <ClInclude Include="..\..\..\..\src\pshinter\pshrec.h" />
    <ClInclude Include="..\..\..\..\src\psnames\psmodule.h" />
    <ClInclude Include="..\..\..\..\src\psnames\psnamerr.h" />
    <ClInclude Include="..\..\..\..\src\psnames\pspic.h" />
    <ClInclude Include="..\..\..\..\src\psnames\pstables.h" />
    <ClInclude Include="..\..\..\..\src\raster\ftmisc.h" />
    <ClInclude Include="..\..\..\..\src\raster\ftraster.h" />
    <ClInclude Include="..\..\..\..\src\raster\ftrend1.h" />
    <ClInclude Include="..\..\..\..\src\raster\rasterrs.h" />
    <ClInclude Include="..\..\..\..\src\raster\rastpic.h" />
    <ClInclude Include="..\..\..\..\src\sfnt\sfdriver.h" />
    <ClInclude Include="..\..\..\..\src\sfnt\sferrors.h" />
    <ClInclude Include="..\..\..\..\src\sfnt\sfntpic.h" />
    <ClInclude Include="..\..\..\..\src\sfnt\sfobjs.h" />
    <ClInclude Include="..\..\..\..\src\sfnt\ttbdf.h" />
    <ClInclude Include="..\..\..\..\src\sfnt\ttcmap.h" />
    <ClInclude Include="..\..\..\..\src\sfnt\ttcmapc.h" />
    <ClInclude Include="..\..\..\..\src\sfnt\ttkern.h" />
    <ClInclude Include="..\..\..\..\src\sfnt\ttload.h" />
    <ClInclude Include="..\..\..\..\src\sfnt\ttmtx.h" />
    <ClInclude Include="..\..\..\..\src\sfnt\ttpost.h" />
    <ClInclude Include="..\..\..\..\src\sfnt\ttsbit.h" />
    <ClInclude Include="..\..\..\..\src\smooth\ftgrays.h" />
    <ClInclude Include="..\..\..\..\src\smooth\ftsmerrs.h" />
    <ClInclude Include="..\..\..\..\src\smooth\ftsmooth.h" />
    <ClInclude Include="..\..\..\..\src\smooth\ftspic.h" />
    <ClInclude Include="..\..\..\..\src\truetype\ttdriver.h" />
    <ClInclude Include="..\..\..\..\src\truetype\tterrors.h" />
    <ClInclude Include="..\..\..\..\src\truetype\ttgload.h" />
    <ClInclude Include="..\..\..\..\src\truetype\ttgxvar.h" />
    <ClInclude Include="..\..\..\..\src\truetype\ttinterp.h" />
    <ClInclude Include="..\..\..\..\src\truetype\ttobjs.h" />
    <ClInclude Include="..\..\..\..\src\truetype\ttpic.h" />
    <ClInclude Include="..\..\..\..\src\truetype\ttpload.h" />
    <ClInclude Include="..\..\..\..\src\type1\t1afm.h" />
    <ClInclude Include="..\..\..\..\src\type1\t1driver.h" />
    <ClInclude Include="..\..\..\..\src\type1\t1errors.h" />
    <ClInclude Include="..\..\..\..\src\type1\t1gload.h" />
    <ClInclude Include="..\..\..\..\src\type1\t1load.h" />
    <ClInclude Include="..\..\..\..\src\type1\t1objs.h" />
    <ClInclude Include="..\..\..\..\src\type1\t1parse.h" />
    <ClInclude Include="..\..\..\..\src\type1\t1tokens.h" />
    <ClInclude Include="..\..\..\..\src\winfonts\fnterrs.h" />
    <ClInclude Include="..\..\..\..\src\winfonts\winfnt.h" />
  </ItemGroup>
  <ItemGroup>
    <None Include="..\..\..\..\src\base\Jamfile" />
    <None Include="..\..\..\..\src\base\rules.mk" />
    <None Include="..\..\..\..\src\bdf\Jamfile" />
    <None Include="..\..\..\..\src\bdf\module.mk" />
    <None Include="..\..\..\..\src\bdf\README" />
    <None Include="..\..\..\..\src\bdf\rules.mk" />
    <None Include="..\..\..\..\src\cache\Jamfile" />
    <None Include="..\..\..\..\src\cache\rules.mk" />
    <None Include="..\..\..\..\src\cff\Jamfile" />
    <None Include="..\..\..\..\src\cff\module.mk" />
    <None Include="..\..\..\..\src\cff\rules.mk" />
    <None Include="..\..\..\..\src\cid\Jamfile" />
    <None Include="..\..\..\..\src\cid\module.mk" />
    <None Include="..\..\..\..\src\cid\rules.mk" />
    <None Include="..\..\..\..\src\gxvalid\Jamfile" />
    <None Include="..\..\..\..\src\gxvalid\module.mk" />
    <None Include="..\..\..\..\src\gxvalid\README" />
    <None Include="..\..\..\..\src\gxvalid\rules.mk" />
    <None Include="..\..\..\..\src\gzip\Jamfile" />
    <None Include="..\..\..\..\src\gzip\rules.mk" />
    <None Include="..\..\..\..\src\lzw\Jamfile" />
    <None Include="..\..\..\..\src\lzw\rules.mk" />
    <None Include="..\..\..\..\src\otvalid\Jamfile" />
    <None Include="..\..\..\..\src\otvalid\module.mk" />
    <None Include="..\..\..\..\src\otvalid\rules.mk" />
    <None Include="..\..\..\..\src\pcf\Jamfile" />
    <None Include="..\..\..\..\src\pcf\module.mk" />
    <None Include="..\..\..\..\src\pcf\README" />
    <None Include="..\..\..\..\src\pcf\rules.mk" />
    <None Include="..\..\..\..\src\pfr\Jamfile" />
    <None Include="..\..\..\..\src\pfr\module.mk" />
    <None Include="..\..\..\..\src\pfr\rules.mk" />
    <None Include="..\..\..\..\src\psaux\Jamfile" />
    <None Include="..\..\..\..\src\psaux\module.mk" />
    <None Include="..\..\..\..\src\psaux\rules.mk" />
    <None Include="..\..\..\..\src\pshinter\Jamfile" />
    <None Include="..\..\..\..\src\pshinter\module.mk" />
    <None Include="..\..\..\..\src\pshinter\rules.mk" />
    <None Include="..\..\..\..\src\psnames\Jamfile" />
    <None Include="..\..\..\..\src\psnames\module.mk" />
    <None Include="..\..\..\..\src\psnames\rules.mk" />
    <None Include="..\..\..\..\src\raster\Jamfile" />
    <None Include="..\..\..\..\src\raster\module.mk" />
    <None Include="..\..\..\..\src\raster\rules.mk" />
    <None Include="..\..\..\..\src\sfnt\Jamfile" />
    <None Include="..\..\..\..\src\sfnt\module.mk" />
    <None Include="..\..\..\..\src\sfnt\rules.mk" />
    <None Include="..\..\..\..\src\smooth\Jamfile" />
    <None Include="..\..\..\..\src\smooth\module.mk" />
    <None Include="..\..\..\..\src\smooth\rules.mk" />
    <None Include="..\..\..\..\src\tools\chktrcmp.py" />
    <None Include="..\..\..\..\src\tools\cordic.py" />
    <None Include="..\..\..\..\src\tools\glnames.py" />
    <None Include="..\..\..\..\src\tools\Jamfile" />
    <None Include="..\..\..\..\src\truetype\Jamfile" />
    <None Include="..\..\..\..\src\truetype\module.mk" />
    <None Include="..\..\..\..\src\truetype\rules.mk" />
    <None Include="..\..\..\..\src\type1\Jamfile" />
    <None Include="..\..\..\..\src\type1\module.mk" />
    <None Include="..\..\..\..\src\type1\rules.mk" />
    <None Include="..\..\..\..\src\type42\Jamfile" />
    <None Include="..\..\..\..\src\type42\module.mk" />
    <None Include="..\..\..\..\src\type42\rules.mk" />
    <None Include="..\..\..\..\src\winfonts\Jamfile" />
    <None Include="..\..\..\..\src\winfonts\module.mk" />
    <None Include="..\..\..\..\src\winfonts\rules.mk" />
  </ItemGroup>
</Project>