<?xml version="1.0" encoding="utf-8"?>
<Project ToolsVersion="4.0" xmlns="http://schemas.microsoft.com/developer/msbuild/2003">
  <ItemGroup>
    <Filter Include="Fichiers sources">
      <UniqueIdentifier>{4FC737F1-C7A5-4376-A066-2A32D752A2FF}</UniqueIdentifier>
      <Extensions>cpp;c;cc;cxx;def;odl;idl;hpj;bat;asm;asmx</Extensions>
    </Filter>
    <Filter Include="Fichiers d%27en-tête">
      <UniqueIdentifier>{93995380-89BD-4b04-88EB-625FBE52EBFB}</UniqueIdentifier>
      <Extensions>h;hh;hpp;hxx;hm;inl;inc;xsd</Extensions>
    </Filter>
    <Filter Include="Fichiers de ressources">
      <UniqueIdentifier>{67DA6AB6-F800-4c08-8B7A-83BB121AAD01}</UniqueIdentifier>
      <Extensions>rc;ico;cur;bmp;dlg;rc2;rct;bin;rgs;gif;jpg;jpeg;jpe;resx;tiff;tif;png;wav;mfcribbon-ms</Extensions>
    </Filter>
    <Filter Include="Fichiers sources\Editor">
      <UniqueIdentifier>{ecccc1d2-4555-49ee-8a39-d196fbb0bdd1}</UniqueIdentifier>
    </Filter>
    <Filter Include="Fichiers d%27en-tête\Editor">
      <UniqueIdentifier>{f9fb39f2-f8a7-41ec-a6e6-e4b42ddadbf0}</UniqueIdentifier>
    </Filter>
    <Filter Include="Fichiers sources\Core">
      <UniqueIdentifier>{36d47c27-a86a-45ce-a71f-05a5e3913135}</UniqueIdentifier>
    </Filter>
    <Filter Include="Fichiers d%27en-tête\Core">
      <UniqueIdentifier>{6cc1ddc6-5d7a-4b22-8bc6-824edb8898bf}</UniqueIdentifier>
    </Filter>
    <Filter Include="Fichiers sources\Core\Render">
      <UniqueIdentifier>{2a5e8b73-376d-4565-a109-fba8ff562c2d}</UniqueIdentifier>
    </Filter>
    <Filter Include="Fichiers d%27en-tête\Core\Render">
      <UniqueIdentifier>{55743528-e4e7-4fb8-99dd-f92cabbc7b50}</UniqueIdentifier>
    </Filter>
  </ItemGroup>
  <ItemGroup>
    <Text Include="ReadMe.txt" />
  </ItemGroup>
  <ItemGroup>
    <ClInclude Include="stdafx.h">
      <Filter>Fichiers d%27en-tête</Filter>
    </ClInclude>
    <ClInclude Include="targetver.h">
      <Filter>Fichiers d%27en-tête</Filter>
    </ClInclude>
    <ClInclude Include="Core\Inc\Application.h">
      <Filter>Fichiers d%27en-tête</Filter>
    </ClInclude>
    <ClInclude Include="Core\Inc\BaseTypes.h">
      <Filter>Fichiers d%27en-tête</Filter>
    </ClInclude>
    <ClInclude Include="Core\Inc\BehaviorComponent.h">
      <Filter>Fichiers d%27en-tête</Filter>
    </ClInclude>
    <ClInclude Include="Core\Inc\BehaviorManager.h">
      <Filter>Fichiers d%27en-tête</Filter>
    </ClInclude>
    <ClInclude Include="Core\Inc\DataStream.h">
      <Filter>Fichiers d%27en-tête</Filter>
    </ClInclude>
    <ClInclude Include="Core\Inc\Event.h">
      <Filter>Fichiers d%27en-tête</Filter>
    </ClInclude>
    <ClInclude Include="Core\Inc\FileSystem.h">
      <Filter>Fichiers d%27en-tête</Filter>
    </ClInclude>
    <ClInclude Include="Core\Inc\GlobalVariables.h">
      <Filter>Fichiers d%27en-tête</Filter>
    </ClInclude>
    <ClInclude Include="Core\Inc\Handle.h">
      <Filter>Fichiers d%27en-tête</Filter>
    </ClInclude>
    <ClInclude Include="Core\Inc\InputManager.h">
      <Filter>Fichiers d%27en-tête</Filter>
    </ClInclude>
    <ClInclude Include="Core\Inc\maths.h">
      <Filter>Fichiers d%27en-tête</Filter>
    </ClInclude>
    <ClInclude Include="Core\Inc\MeshRenderComponent.h">
      <Filter>Fichiers d%27en-tête</Filter>
    </ClInclude>
    <ClInclude Include="Core\Inc\Object.h">
      <Filter>Fichiers d%27en-tête</Filter>
    </ClInclude>
    <ClInclude Include="Core\Inc\ObjectManager.h">
      <Filter>Fichiers d%27en-tête</Filter>
    </ClInclude>
    <ClInclude Include="Core\Inc\PhysicsAPI.h">
      <Filter>Fichiers d%27en-tête</Filter>
    </ClInclude>
    <ClInclude Include="Core\Inc\RenderAPI.h">
      <Filter>Fichiers d%27en-tête</Filter>
    </ClInclude>
    <ClInclude Include="Core\Inc\RenderTypes.h">
      <Filter>Fichiers d%27en-tête</Filter>
    </ClInclude>
    <ClInclude Include="Core\Inc\Resource.h">
      <Filter>Fichiers d%27en-tête</Filter>
    </ClInclude>
    <ClInclude Include="Core\Inc\ResourceDescriptor.h">
      <Filter>Fichiers d%27en-tête</Filter>
    </ClInclude>
    <ClInclude Include="Core\Inc\ResourceManager.h">
      <Filter>Fichiers d%27en-tête</Filter>
    </ClInclude>
    <ClInclude Include="Core\Inc\resourcepointer.h">
      <Filter>Fichiers d%27en-tête</Filter>
    </ClInclude>
    <ClInclude Include="Core\Inc\ResourceSerializer.h">
      <Filter>Fichiers d%27en-tête</Filter>
    </ClInclude>
    <ClInclude Include="Core\Inc\ResourceSpecificManager.h">
      <Filter>Fichiers d%27en-tête</Filter>
    </ClInclude>
    <ClInclude Include="Core\Inc\ResourceType.h">
      <Filter>Fichiers d%27en-tête</Filter>
    </ClInclude>
    <ClInclude Include="Core\Inc\RigidBodyComponent.h">
      <Filter>Fichiers d%27en-tête</Filter>
    </ClInclude>
    <ClInclude Include="Core\Inc\Script.h">
      <Filter>Fichiers d%27en-tête</Filter>
    </ClInclude>
    <ClInclude Include="Core\Inc\ScriptResourceSerializer.h">
      <Filter>Fichiers d%27en-tête</Filter>
    </ClInclude>
    <ClInclude Include="Core\Inc\ScriptSerializer.h">
      <Filter>Fichiers d%27en-tête</Filter>
    </ClInclude>
    <ClInclude Include="Core\Inc\SerializableFactory.h">
      <Filter>Fichiers d%27en-tête</Filter>
    </ClInclude>
    <ClInclude Include="Core\Inc\Serializer.h">
      <Filter>Fichiers d%27en-tête</Filter>
    </ClInclude>
    <ClInclude Include="Core\Inc\smartpointer.h">
      <Filter>Fichiers d%27en-tête</Filter>
    </ClInclude>
    <ClInclude Include="Core\Inc\Temp.h">
      <Filter>Fichiers d%27en-tête</Filter>
    </ClInclude>
    <ClInclude Include="Core\Inc\WhiteBoxNameSpace.h">
      <Filter>Fichiers d%27en-tête</Filter>
    </ClInclude>
    <ClInclude Include="Core\Inc\whiteboxstring.h">
      <Filter>Fichiers d%27en-tête</Filter>
    </ClInclude>
    <ClInclude Include="Core\Inc\Animation\Animation.h">
      <Filter>Fichiers d%27en-tête</Filter>
    </ClInclude>
    <ClInclude Include="Core\Inc\Animation\AnimationTrack.h">
      <Filter>Fichiers d%27en-tête</Filter>
    </ClInclude>
    <ClInclude Include="Core\Inc\Animation\Skeleton.h">
      <Filter>Fichiers d%27en-tête</Filter>
    </ClInclude>
    <ClInclude Include="Core\Inc\Render\Camera.h">
      <Filter>Fichiers d%27en-tête</Filter>
    </ClInclude>
    <ClInclude Include="Core\Inc\Render\IndexBuffer.h">
      <Filter>Fichiers d%27en-tête</Filter>
    </ClInclude>
    <ClInclude Include="Core\Inc\Render\Material.h">
      <Filter>Fichiers d%27en-tête</Filter>
    </ClInclude>
    <ClInclude Include="Core\Inc\Render\MaterialHelper.h">
      <Filter>Fichiers d%27en-tête</Filter>
    </ClInclude>
    <ClInclude Include="Core\Inc\Render\MaterialSerializer.h">
      <Filter>Fichiers d%27en-tête</Filter>
    </ClInclude>
    <ClInclude Include="Core\Inc\Render\Mesh.h">
      <Filter>Fichiers d%27en-tête</Filter>
    </ClInclude>
    <ClInclude Include="Core\Inc\Render\MeshHelper.h">
      <Filter>Fichiers d%27en-tête</Filter>
    </ClInclude>
    <ClInclude Include="Core\Inc\Render\MeshSerializer.h">
      <Filter>Fichiers d%27en-tête</Filter>
    </ClInclude>
    <ClInclude Include="Core\Inc\Render\Picture.h">
      <Filter>Fichiers d%27en-tête</Filter>
    </ClInclude>
    <ClInclude Include="Core\Inc\Render\Renderer.h">
      <Filter>Fichiers d%27en-tête</Filter>
    </ClInclude>
    <ClInclude Include="Core\Inc\Render\RenderTarget.h">
      <Filter>Fichiers d%27en-tête</Filter>
    </ClInclude>
    <ClInclude Include="Core\Inc\Render\RenderWindow.h">
      <Filter>Fichiers d%27en-tête</Filter>
    </ClInclude>
    <ClInclude Include="Core\Inc\Render\Texture.h">
      <Filter>Fichiers d%27en-tête</Filter>
    </ClInclude>
    <ClInclude Include="Core\Inc\Render\TextureSerializer.h">
      <Filter>Fichiers d%27en-tête</Filter>
    </ClInclude>
    <ClInclude Include="Core\Inc\Render\VertexBuffer.h">
      <Filter>Fichiers d%27en-tête</Filter>
    </ClInclude>
    <ClInclude Include="Core\Inc\System\OperatingSystem.h">
      <Filter>Fichiers d%27en-tête</Filter>
    </ClInclude>
    <ClInclude Include="Editor\Inc\AssetExporter.h">
      <Filter>Fichiers d%27en-tête\Editor</Filter>
    </ClInclude>
    <ClInclude Include="Editor\Inc\AssetManager.h">
      <Filter>Fichiers d%27en-tête\Editor</Filter>
    </ClInclude>
    <ClInclude Include="Editor\Inc\CopyExporter.h">
      <Filter>Fichiers d%27en-tête\Editor</Filter>
    </ClInclude>
    <ClInclude Include="Editor\Inc\FbxExporter.h">
      <Filter>Fichiers d%27en-tête\Editor</Filter>
    </ClInclude>
    <ClInclude Include="Editor\Inc\MtlExporter.h">
      <Filter>Fichiers d%27en-tête\Editor</Filter>
    </ClInclude>
    <ClInclude Include="Editor\Inc\ObjExporter.h">
      <Filter>Fichiers d%27en-tête\Editor</Filter>
    </ClInclude>
    <ClInclude Include="Core\Inc\Render\Shader.h">
      <Filter>Fichiers d%27en-tête\Core\Render</Filter>
    </ClInclude>
    <ClInclude Include="Core\Inc\Render\ShaderSerializer.h">
      <Filter>Fichiers d%27en-tête\Core\Render</Filter>
    </ClInclude>
    <ClInclude Include="Core\Inc\Render\ShaderProgram.h">
      <Filter>Fichiers d%27en-tête\Core\Render</Filter>
    </ClInclude>
    <ClInclude Include="Core\Inc\Render\ShaderProgramSerializer.h">
      <Filter>Fichiers d%27en-tête\Core\Render</Filter>
    </ClInclude>
    <ClInclude Include="Core\Inc\Render\RenderPipeline.h">
      <Filter>Fichiers d%27en-tête\Core\Render</Filter>
    </ClInclude>
<<<<<<< HEAD
    <ClInclude Include="Core\Inc\Render\Font.h">
      <Filter>Fichiers d%27en-tête\Core\Render</Filter>
    </ClInclude>
    <ClInclude Include="Core\Inc\Render\FontSerializer.h">
      <Filter>Fichiers d%27en-tête\Core\Render</Filter>
    </ClInclude>
    <ClInclude Include="Core\Inc\FontSystem.h">
      <Filter>Fichiers d%27en-tête\Core</Filter>
    </ClInclude>
    <ClInclude Include="Core\Inc\Render\TextMesh.h">
      <Filter>Fichiers d%27en-tête\Core\Render</Filter>
    </ClInclude>
    <ClInclude Include="Core\Inc\Text.h">
      <Filter>Fichiers d%27en-tête</Filter>
    </ClInclude>
=======
>>>>>>> master
  </ItemGroup>
  <ItemGroup>
    <ClCompile Include="Core\Src\DataStream.cpp">
      <Filter>Fichiers sources</Filter>
    </ClCompile>
    <ClCompile Include="Core\Src\GlobalVariables.cpp">
      <Filter>Fichiers sources</Filter>
    </ClCompile>
    <ClCompile Include="Core\Src\Maths.cpp">
      <Filter>Fichiers sources</Filter>
    </ClCompile>
    <ClCompile Include="Core\Src\ResourceDescriptor.cpp">
      <Filter>Fichiers sources</Filter>
    </ClCompile>
    <ClCompile Include="Core\Src\ResourceManager.cpp">
      <Filter>Fichiers sources</Filter>
    </ClCompile>
    <ClCompile Include="Core\Src\ResourceSpecificManager.cpp">
      <Filter>Fichiers sources</Filter>
    </ClCompile>
    <ClCompile Include="Core\Src\Script.cpp">
      <Filter>Fichiers sources</Filter>
    </ClCompile>
    <ClCompile Include="Core\Src\ScriptResourceSerializer.cpp">
      <Filter>Fichiers sources</Filter>
    </ClCompile>
    <ClCompile Include="Core\Src\ScriptSerializer.cpp">
      <Filter>Fichiers sources</Filter>
    </ClCompile>
    <ClCompile Include="Core\Src\Animation\Animation.cpp">
      <Filter>Fichiers sources</Filter>
    </ClCompile>
    <ClCompile Include="Core\Src\Animation\AnimationTrack.cpp">
      <Filter>Fichiers sources</Filter>
    </ClCompile>
    <ClCompile Include="Core\Src\Animation\Skeleton.cpp">
      <Filter>Fichiers sources</Filter>
    </ClCompile>
    <ClCompile Include="Core\Src\Render\IndexBuffer.cpp">
      <Filter>Fichiers sources</Filter>
    </ClCompile>
    <ClCompile Include="Core\Src\Render\Material.cpp">
      <Filter>Fichiers sources</Filter>
    </ClCompile>
    <ClCompile Include="Core\Src\Render\MaterialHelper.cpp">
      <Filter>Fichiers sources</Filter>
    </ClCompile>
    <ClCompile Include="Core\Src\Render\MaterialSerializer.cpp">
      <Filter>Fichiers sources</Filter>
    </ClCompile>
    <ClCompile Include="Core\Src\Render\Mesh.cpp">
      <Filter>Fichiers sources</Filter>
    </ClCompile>
    <ClCompile Include="Core\Src\Render\MeshHelper.cpp">
      <Filter>Fichiers sources</Filter>
    </ClCompile>
    <ClCompile Include="Core\Src\Render\MeshSerializer.cpp">
      <Filter>Fichiers sources</Filter>
    </ClCompile>
    <ClCompile Include="Core\Src\Render\Picture.cpp">
      <Filter>Fichiers sources</Filter>
    </ClCompile>
    <ClCompile Include="Core\Src\Render\Renderer.cpp">
      <Filter>Fichiers sources</Filter>
    </ClCompile>
    <ClCompile Include="Core\Src\Render\RenderWindow.cpp">
      <Filter>Fichiers sources</Filter>
    </ClCompile>
    <ClCompile Include="Core\Src\Render\Texture.cpp">
      <Filter>Fichiers sources</Filter>
    </ClCompile>
    <ClCompile Include="Core\Src\Render\TextureSerializer.cpp">
      <Filter>Fichiers sources</Filter>
    </ClCompile>
    <ClCompile Include="Core\Src\Render\VertexBuffer.cpp">
      <Filter>Fichiers sources</Filter>
    </ClCompile>
    <ClCompile Include="Core\Src\System\FileSystem.cpp">
      <Filter>Fichiers sources</Filter>
    </ClCompile>
    <ClCompile Include="Core\Src\System\OperatingSystem.cpp">
      <Filter>Fichiers sources</Filter>
    </ClCompile>
    <ClCompile Include="Editor\Src\AssetExporter.cpp">
      <Filter>Fichiers sources\Editor</Filter>
    </ClCompile>
    <ClCompile Include="Editor\Src\AssetManager.cpp">
      <Filter>Fichiers sources\Editor</Filter>
    </ClCompile>
    <ClCompile Include="Editor\Src\CopyExporter.cpp">
      <Filter>Fichiers sources\Editor</Filter>
    </ClCompile>
    <ClCompile Include="Editor\Src\main.cpp">
      <Filter>Fichiers sources\Editor</Filter>
    </ClCompile>
    <ClCompile Include="Editor\Src\MtlExporter.cpp">
      <Filter>Fichiers sources\Editor</Filter>
    </ClCompile>
    <ClCompile Include="Editor\Src\ObjExporter.cpp">
      <Filter>Fichiers sources\Editor</Filter>
    </ClCompile>
    <ClCompile Include="Core\Src\Application.cpp">
      <Filter>Fichiers sources</Filter>
    </ClCompile>
    <ClCompile Include="Core\Src\Camera.cpp">
      <Filter>Fichiers sources\Core</Filter>
    </ClCompile>
    <ClCompile Include="Core\Src\Render\Shader.cpp">
      <Filter>Fichiers sources\Core\Render</Filter>
    </ClCompile>
    <ClCompile Include="Core\Src\Render\ShaderSerializer.cpp">
      <Filter>Fichiers sources\Core\Render</Filter>
    </ClCompile>
    <ClCompile Include="Core\Src\Render\ShaderProgram.cpp">
      <Filter>Fichiers sources\Core\Render</Filter>
    </ClCompile>
    <ClCompile Include="Core\Src\Render\ShaderProgramSerializer.cpp">
      <Filter>Fichiers sources\Core\Render</Filter>
    </ClCompile>
    <ClCompile Include="Core\Src\Render\RenderPipeline.cpp">
      <Filter>Fichiers sources\Core\Render</Filter>
    </ClCompile>
<<<<<<< HEAD
    <ClCompile Include="Core\Src\Render\Font.cpp">
      <Filter>Fichiers sources\Core\Render</Filter>
    </ClCompile>
    <ClCompile Include="Core\Src\Render\FontSerializer.cpp">
      <Filter>Fichiers sources\Core\Render</Filter>
    </ClCompile>
    <ClCompile Include="Core\Src\FontSystem.cpp">
      <Filter>Fichiers sources\Core</Filter>
    </ClCompile>
    <ClCompile Include="Core\Src\Render\TextMesh.cpp">
      <Filter>Fichiers sources\Core\Render</Filter>
    </ClCompile>
=======
>>>>>>> master
  </ItemGroup>
</Project>