<?xml version="1.0" encoding="utf-8"?>
<Project ToolsVersion="4.0" xmlns="http://schemas.microsoft.com/developer/msbuild/2003">
  <ItemGroup>
    <ClCompile Include="WhiteBoxGearLib.cpp" />
    <ClCompile Include="..\..\..\..\Core\Src\System\GearVR\WhiteBoxGearLibrary.cpp" />
    <ClCompile Include="..\..\..\..\Core\Src\GlobalVariables.cpp" />
    <ClCompile Include="..\..\..\..\Core\Src\Maths.cpp" />
    <ClCompile Include="..\..\..\..\Core\Src\ResourceDescriptor.cpp" />
    <ClCompile Include="..\..\..\..\Core\Src\ResourceManager.cpp" />
    <ClCompile Include="..\..\..\..\Core\Src\ResourceSpecificManager.cpp" />
    <ClCompile Include="..\..\..\..\Core\Src\Script.cpp" />
    <ClCompile Include="..\..\..\..\Core\Src\ScriptResourceSerializer.cpp" />
    <ClCompile Include="..\..\..\..\Core\Src\ScriptSerializer.cpp" />
    <ClCompile Include="..\..\..\..\Core\Src\Application.cpp" />
    <ClCompile Include="..\..\..\..\Core\Src\Camera.cpp" />
    <ClCompile Include="..\..\..\..\Core\Src\DataStream.cpp" />
    <ClCompile Include="..\..\..\..\Core\Src\System\FileSystem.cpp" />
    <ClCompile Include="..\..\..\..\Core\Src\System\OperatingSystem.cpp" />
    <ClCompile Include="..\..\..\..\Core\Src\Render\IndexBuffer.cpp" />
    <ClCompile Include="..\..\..\..\Core\Src\Render\Material.cpp" />
    <ClCompile Include="..\..\..\..\Core\Src\Render\MaterialHelper.cpp" />
    <ClCompile Include="..\..\..\..\Core\Src\Render\MaterialSerializer.cpp" />
    <ClCompile Include="..\..\..\..\Core\Src\Render\Mesh.cpp" />
    <ClCompile Include="..\..\..\..\Core\Src\Render\MeshHelper.cpp" />
    <ClCompile Include="..\..\..\..\Core\Src\Render\MeshSerializer.cpp" />
    <ClCompile Include="..\..\..\..\Core\Src\Render\Picture.cpp" />
    <ClCompile Include="..\..\..\..\Core\Src\Render\RenderPipeline.cpp" />
    <ClCompile Include="..\..\..\..\Core\Src\Render\RenderWindow.cpp" />
    <ClCompile Include="..\..\..\..\Core\Src\Render\Shader.cpp" />
    <ClCompile Include="..\..\..\..\Core\Src\Render\ShaderProgram.cpp" />
    <ClCompile Include="..\..\..\..\Core\Src\Render\ShaderProgramSerializer.cpp" />
    <ClCompile Include="..\..\..\..\Core\Src\Render\ShaderSerializer.cpp" />
    <ClCompile Include="..\..\..\..\Core\Src\Render\TextMesh.cpp" />
    <ClCompile Include="..\..\..\..\Core\Src\Render\Texture.cpp" />
    <ClCompile Include="..\..\..\..\Core\Src\Render\TextureSerializer.cpp" />
    <ClCompile Include="..\..\..\..\Core\Src\Render\VertexBuffer.cpp" />
    <ClCompile Include="..\..\..\..\Core\Src\Render\Renderer.cpp" />
  </ItemGroup>
  <ItemGroup>
    <ClInclude Include="WhiteBoxGearLib.h" />
    <ClInclude Include="pch.h" />
  </ItemGroup>
</Project>